// !$*UTF8*$!
{
	archiveVersion = 1;
	classes = {
	};
	objectVersion = 46;
	objects = {

/* Begin PBXBuildFile section */
		1A1665881E1113E50087B8CB /* AppDelegate.swift in Sources */ = {isa = PBXBuildFile; fileRef = 1A1665871E1113E50087B8CB /* AppDelegate.swift */; };
		1A16658A1E1113E50087B8CB /* ViewController.swift in Sources */ = {isa = PBXBuildFile; fileRef = 1A1665891E1113E50087B8CB /* ViewController.swift */; };
		1A16658D1E1113E50087B8CB /* Main.storyboard in Resources */ = {isa = PBXBuildFile; fileRef = 1A16658B1E1113E50087B8CB /* Main.storyboard */; };
		1A16658F1E1113E50087B8CB /* Assets.xcassets in Resources */ = {isa = PBXBuildFile; fileRef = 1A16658E1E1113E50087B8CB /* Assets.xcassets */; };
		1A1665921E1113E50087B8CB /* LaunchScreen.storyboard in Resources */ = {isa = PBXBuildFile; fileRef = 1A1665901E1113E50087B8CB /* LaunchScreen.storyboard */; };
		1A1665A11E1113F20087B8CB /* 1 - Pause Panel And Buttons in Resources */ = {isa = PBXBuildFile; fileRef = 1A1665991E1113F20087B8CB /* 1 - Pause Panel And Buttons */; };
		1A1665A21E1113F20087B8CB /* 2 - Collectables in Resources */ = {isa = PBXBuildFile; fileRef = 1A16659A1E1113F20087B8CB /* 2 - Collectables */; };
		1A1665A31E1113F20087B8CB /* 3 - Player in Resources */ = {isa = PBXBuildFile; fileRef = 1A16659B1E1113F20087B8CB /* 3 - Player */; };
		1A1665A41E1113F20087B8CB /* 4 - Clouds in Resources */ = {isa = PBXBuildFile; fileRef = 1A16659C1E1113F20087B8CB /* 4 - Clouds */; };
		1A1665A51E1113F20087B8CB /* 5 - Fonts in Resources */ = {isa = PBXBuildFile; fileRef = 1A16659D1E1113F20087B8CB /* 5 - Fonts */; };
		1A1665A61E1113F20087B8CB /* 6 - Music in Resources */ = {isa = PBXBuildFile; fileRef = 1A16659E1E1113F20087B8CB /* 6 - Music */; };
		1A1665A71E1113F20087B8CB /* 7 - Backgrounds in Resources */ = {isa = PBXBuildFile; fileRef = 1A16659F1E1113F20087B8CB /* 7 - Backgrounds */; };
		1A1665A81E1113F20087B8CB /* 8 - Buttons in Resources */ = {isa = PBXBuildFile; fileRef = 1A1665A01E1113F20087B8CB /* 8 - Buttons */; };
/* End PBXBuildFile section */

/* Begin PBXFileReference section */
		1A1665841E1113E50087B8CB /* JackAndTheGiant.app */ = {isa = PBXFileReference; explicitFileType = wrapper.application; includeInIndex = 0; path = JackAndTheGiant.app; sourceTree = BUILT_PRODUCTS_DIR; };
		1A1665871E1113E50087B8CB /* AppDelegate.swift */ = {isa = PBXFileReference; lastKnownFileType = sourcecode.swift; path = AppDelegate.swift; sourceTree = "<group>"; };
		1A1665891E1113E50087B8CB /* ViewController.swift */ = {isa = PBXFileReference; lastKnownFileType = sourcecode.swift; path = ViewController.swift; sourceTree = "<group>"; };
		1A16658C1E1113E50087B8CB /* Base */ = {isa = PBXFileReference; lastKnownFileType = file.storyboard; name = Base; path = Base.lproj/Main.storyboard; sourceTree = "<group>"; };
		1A16658E1E1113E50087B8CB /* Assets.xcassets */ = {isa = PBXFileReference; lastKnownFileType = folder.assetcatalog; path = Assets.xcassets; sourceTree = "<group>"; };
		1A1665911E1113E50087B8CB /* Base */ = {isa = PBXFileReference; lastKnownFileType = file.storyboard; name = Base; path = Base.lproj/LaunchScreen.storyboard; sourceTree = "<group>"; };
		1A1665931E1113E50087B8CB /* Info.plist */ = {isa = PBXFileReference; lastKnownFileType = text.plist.xml; path = Info.plist; sourceTree = "<group>"; };
		1A1665991E1113F20087B8CB /* 1 - Pause Panel And Buttons */ = {isa = PBXFileReference; lastKnownFileType = folder; path = "1 - Pause Panel And Buttons"; sourceTree = "<group>"; };
		1A16659A1E1113F20087B8CB /* 2 - Collectables */ = {isa = PBXFileReference; lastKnownFileType = folder; path = "2 - Collectables"; sourceTree = "<group>"; };
		1A16659B1E1113F20087B8CB /* 3 - Player */ = {isa = PBXFileReference; lastKnownFileType = folder; path = "3 - Player"; sourceTree = "<group>"; };
		1A16659C1E1113F20087B8CB /* 4 - Clouds */ = {isa = PBXFileReference; lastKnownFileType = folder; path = "4 - Clouds"; sourceTree = "<group>"; };
		1A16659D1E1113F20087B8CB /* 5 - Fonts */ = {isa = PBXFileReference; lastKnownFileType = folder; path = "5 - Fonts"; sourceTree = "<group>"; };
		1A16659E1E1113F20087B8CB /* 6 - Music */ = {isa = PBXFileReference; lastKnownFileType = folder; path = "6 - Music"; sourceTree = "<group>"; };
		1A16659F1E1113F20087B8CB /* 7 - Backgrounds */ = {isa = PBXFileReference; lastKnownFileType = folder; path = "7 - Backgrounds"; sourceTree = "<group>"; };
		1A1665A01E1113F20087B8CB /* 8 - Buttons */ = {isa = PBXFileReference; lastKnownFileType = folder; path = "8 - Buttons"; sourceTree = "<group>"; };
/* End PBXFileReference section */

/* Begin PBXFrameworksBuildPhase section */
		1A1665811E1113E50087B8CB /* Frameworks */ = {
			isa = PBXFrameworksBuildPhase;
			buildActionMask = 2147483647;
			files = (
			);
			runOnlyForDeploymentPostprocessing = 0;
		};
/* End PBXFrameworksBuildPhase section */

/* Begin PBXGroup section */
		1A16657B1E1113E50087B8CB = {
			isa = PBXGroup;
			children = (
				1A1665861E1113E50087B8CB /* JackAndTheGiant */,
				1A1665851E1113E50087B8CB /* Products */,
			);
			sourceTree = "<group>";
		};
		1A1665851E1113E50087B8CB /* Products */ = {
			isa = PBXGroup;
			children = (
				1A1665841E1113E50087B8CB /* JackAndTheGiant.app */,
			);
			name = Products;
			sourceTree = "<group>";
		};
		1A1665861E1113E50087B8CB /* JackAndTheGiant */ = {
			isa = PBXGroup;
			children = (
				1A1665871E1113E50087B8CB /* AppDelegate.swift */,
				1A1665891E1113E50087B8CB /* ViewController.swift */,
				1A16658B1E1113E50087B8CB /* Main.storyboard */,
				1A16658E1E1113E50087B8CB /* Assets.xcassets */,
				1A1665901E1113E50087B8CB /* LaunchScreen.storyboard */,
				1A1665931E1113E50087B8CB /* Info.plist */,
				1A1665A91E1113F80087B8CB /* Assets */,
			);
			path = JackAndTheGiant;
			sourceTree = "<group>";
		};
		1A1665A91E1113F80087B8CB /* Assets */ = {
			isa = PBXGroup;
			children = (
				1A1665991E1113F20087B8CB /* 1 - Pause Panel And Buttons */,
				1A16659A1E1113F20087B8CB /* 2 - Collectables */,
				1A16659B1E1113F20087B8CB /* 3 - Player */,
				1A16659C1E1113F20087B8CB /* 4 - Clouds */,
				1A16659D1E1113F20087B8CB /* 5 - Fonts */,
				1A16659E1E1113F20087B8CB /* 6 - Music */,
				1A16659F1E1113F20087B8CB /* 7 - Backgrounds */,
				1A1665A01E1113F20087B8CB /* 8 - Buttons */,
			);
			name = Assets;
			sourceTree = "<group>";
		};
/* End PBXGroup section */

/* Begin PBXNativeTarget section */
		1A1665831E1113E50087B8CB /* JackAndTheGiant */ = {
			isa = PBXNativeTarget;
			buildConfigurationList = 1A1665961E1113E50087B8CB /* Build configuration list for PBXNativeTarget "JackAndTheGiant" */;
			buildPhases = (
				1A1665801E1113E50087B8CB /* Sources */,
				1A1665811E1113E50087B8CB /* Frameworks */,
				1A1665821E1113E50087B8CB /* Resources */,
			);
			buildRules = (
			);
			dependencies = (
			);
			name = JackAndTheGiant;
			productName = JackAndTheGiant;
			productReference = 1A1665841E1113E50087B8CB /* JackAndTheGiant.app */;
			productType = "com.apple.product-type.application";
		};
/* End PBXNativeTarget section */

/* Begin PBXProject section */
		1A16657C1E1113E50087B8CB /* Project object */ = {
			isa = PBXProject;
			attributes = {
				LastSwiftUpdateCheck = 0810;
				LastUpgradeCheck = 0810;
				ORGANIZATIONNAME = "James Birchall";
				TargetAttributes = {
					1A1665831E1113E50087B8CB = {
						CreatedOnToolsVersion = 8.1;
						DevelopmentTeam = XJTJGEN6DH;
						ProvisioningStyle = Automatic;
					};
				};
			};
			buildConfigurationList = 1A16657F1E1113E50087B8CB /* Build configuration list for PBXProject "JackAndTheGiant" */;
			compatibilityVersion = "Xcode 3.2";
			developmentRegion = English;
			hasScannedForEncodings = 0;
			knownRegions = (
				en,
				Base,
			);
			mainGroup = 1A16657B1E1113E50087B8CB;
			productRefGroup = 1A1665851E1113E50087B8CB /* Products */;
			projectDirPath = "";
			projectRoot = "";
			targets = (
				1A1665831E1113E50087B8CB /* JackAndTheGiant */,
			);
		};
/* End PBXProject section */

/* Begin PBXResourcesBuildPhase section */
		1A1665821E1113E50087B8CB /* Resources */ = {
			isa = PBXResourcesBuildPhase;
			buildActionMask = 2147483647;
			files = (
				1A1665A71E1113F20087B8CB /* 7 - Backgrounds in Resources */,
				1A1665A81E1113F20087B8CB /* 8 - Buttons in Resources */,
				1A1665921E1113E50087B8CB /* LaunchScreen.storyboard in Resources */,
				1A1665A11E1113F20087B8CB /* 1 - Pause Panel And Buttons in Resources */,
				1A1665A41E1113F20087B8CB /* 4 - Clouds in Resources */,
				1A16658F1E1113E50087B8CB /* Assets.xcassets in Resources */,
				1A1665A21E1113F20087B8CB /* 2 - Collectables in Resources */,
				1A1665A61E1113F20087B8CB /* 6 - Music in Resources */,
				1A1665A51E1113F20087B8CB /* 5 - Fonts in Resources */,
				1A16658D1E1113E50087B8CB /* Main.storyboard in Resources */,
				1A1665A31E1113F20087B8CB /* 3 - Player in Resources */,
			);
			runOnlyForDeploymentPostprocessing = 0;
		};
/* End PBXResourcesBuildPhase section */

/* Begin PBXSourcesBuildPhase section */
		1A1665801E1113E50087B8CB /* Sources */ = {
			isa = PBXSourcesBuildPhase;
			buildActionMask = 2147483647;
			files = (
				1A16658A1E1113E50087B8CB /* ViewController.swift in Sources */,
				1A1665881E1113E50087B8CB /* AppDelegate.swift in Sources */,
			);
			runOnlyForDeploymentPostprocessing = 0;
		};
/* End PBXSourcesBuildPhase section */

/* Begin PBXVariantGroup section */
		1A16658B1E1113E50087B8CB /* Main.storyboard */ = {
			isa = PBXVariantGroup;
			children = (
				1A16658C1E1113E50087B8CB /* Base */,
			);
			name = Main.storyboard;
			sourceTree = "<group>";
		};
		1A1665901E1113E50087B8CB /* LaunchScreen.storyboard */ = {
			isa = PBXVariantGroup;
			children = (
				1A1665911E1113E50087B8CB /* Base */,
			);
			name = LaunchScreen.storyboard;
			sourceTree = "<group>";
		};
/* End PBXVariantGroup section */

/* Begin XCBuildConfiguration section */
		1A1665941E1113E50087B8CB /* Debug */ = {
			isa = XCBuildConfiguration;
			buildSettings = {
				ALWAYS_SEARCH_USER_PATHS = NO;
				CLANG_ANALYZER_NONNULL = YES;
				CLANG_CXX_LANGUAGE_STANDARD = "gnu++0x";
				CLANG_CXX_LIBRARY = "libc++";
				CLANG_ENABLE_MODULES = YES;
				CLANG_ENABLE_OBJC_ARC = YES;
				CLANG_WARN_BOOL_CONVERSION = YES;
				CLANG_WARN_CONSTANT_CONVERSION = YES;
				CLANG_WARN_DIRECT_OBJC_ISA_USAGE = YES_ERROR;
				CLANG_WARN_DOCUMENTATION_COMMENTS = YES;
				CLANG_WARN_EMPTY_BODY = YES;
				CLANG_WARN_ENUM_CONVERSION = YES;
				CLANG_WARN_INFINITE_RECURSION = YES;
				CLANG_WARN_INT_CONVERSION = YES;
				CLANG_WARN_OBJC_ROOT_CLASS = YES_ERROR;
				CLANG_WARN_SUSPICIOUS_MOVES = YES;
				CLANG_WARN_UNREACHABLE_CODE = YES;
				CLANG_WARN__DUPLICATE_METHOD_MATCH = YES;
				"CODE_SIGN_IDENTITY[sdk=iphoneos*]" = "iPhone Developer";
				COPY_PHASE_STRIP = NO;
				DEBUG_INFORMATION_FORMAT = dwarf;
				ENABLE_STRICT_OBJC_MSGSEND = YES;
				ENABLE_TESTABILITY = YES;
				GCC_C_LANGUAGE_STANDARD = gnu99;
				GCC_DYNAMIC_NO_PIC = NO;
				GCC_NO_COMMON_BLOCKS = YES;
				GCC_OPTIMIZATION_LEVEL = 0;
				GCC_PREPROCESSOR_DEFINITIONS = (
					"DEBUG=1",
					"$(inherited)",
				);
				GCC_WARN_64_TO_32_BIT_CONVERSION = YES;
				GCC_WARN_ABOUT_RETURN_TYPE = YES_ERROR;
				GCC_WARN_UNDECLARED_SELECTOR = YES;
				GCC_WARN_UNINITIALIZED_AUTOS = YES_AGGRESSIVE;
				GCC_WARN_UNUSED_FUNCTION = YES;
				GCC_WARN_UNUSED_VARIABLE = YES;
				IPHONEOS_DEPLOYMENT_TARGET = 10.1;
				MTL_ENABLE_DEBUG_INFO = YES;
				ONLY_ACTIVE_ARCH = YES;
				SDKROOT = iphoneos;
				SWIFT_ACTIVE_COMPILATION_CONDITIONS = DEBUG;
				SWIFT_OPTIMIZATION_LEVEL = "-Onone";
				TARGETED_DEVICE_FAMILY = "1,2";
			};
			name = Debug;
		};
		1A1665951E1113E50087B8CB /* Release */ = {
			isa = XCBuildConfiguration;
			buildSettings = {
				ALWAYS_SEARCH_USER_PATHS = NO;
				CLANG_ANALYZER_NONNULL = YES;
				CLANG_CXX_LANGUAGE_STANDARD = "gnu++0x";
				CLANG_CXX_LIBRARY = "libc++";
				CLANG_ENABLE_MODULES = YES;
				CLANG_ENABLE_OBJC_ARC = YES;
				CLANG_WARN_BOOL_CONVERSION = YES;
				CLANG_WARN_CONSTANT_CONVERSION = YES;
				CLANG_WARN_DIRECT_OBJC_ISA_USAGE = YES_ERROR;
				CLANG_WARN_DOCUMENTATION_COMMENTS = YES;
				CLANG_WARN_EMPTY_BODY = YES;
				CLANG_WARN_ENUM_CONVERSION = YES;
				CLANG_WARN_INFINITE_RECURSION = YES;
				CLANG_WARN_INT_CONVERSION = YES;
				CLANG_WARN_OBJC_ROOT_CLASS = YES_ERROR;
				CLANG_WARN_SUSPICIOUS_MOVES = YES;
				CLANG_WARN_UNREACHABLE_CODE = YES;
				CLANG_WARN__DUPLICATE_METHOD_MATCH = YES;
				"CODE_SIGN_IDENTITY[sdk=iphoneos*]" = "iPhone Developer";
				COPY_PHASE_STRIP = NO;
				DEBUG_INFORMATION_FORMAT = "dwarf-with-dsym";
				ENABLE_NS_ASSERTIONS = NO;
				ENABLE_STRICT_OBJC_MSGSEND = YES;
				GCC_C_LANGUAGE_STANDARD = gnu99;
				GCC_NO_COMMON_BLOCKS = YES;
				GCC_WARN_64_TO_32_BIT_CONVERSION = YES;
				GCC_WARN_ABOUT_RETURN_TYPE = YES_ERROR;
				GCC_WARN_UNDECLARED_SELECTOR = YES;
				GCC_WARN_UNINITIALIZED_AUTOS = YES_AGGRESSIVE;
				GCC_WARN_UNUSED_FUNCTION = YES;
				GCC_WARN_UNUSED_VARIABLE = YES;
				IPHONEOS_DEPLOYMENT_TARGET = 10.1;
				MTL_ENABLE_DEBUG_INFO = NO;
				SDKROOT = iphoneos;
				SWIFT_OPTIMIZATION_LEVEL = "-Owholemodule";
				TARGETED_DEVICE_FAMILY = "1,2";
				VALIDATE_PRODUCT = YES;
			};
			name = Release;
		};
		1A1665971E1113E50087B8CB /* Debug */ = {
			isa = XCBuildConfiguration;
			buildSettings = {
				ASSETCATALOG_COMPILER_APPICON_NAME = AppIcon;
				DEVELOPMENT_TEAM = XJTJGEN6DH;
				INFOPLIST_FILE = JackAndTheGiant/Info.plist;
				LD_RUNPATH_SEARCH_PATHS = "$(inherited) @executable_path/Frameworks";
				PRODUCT_BUNDLE_IDENTIFIER = com.birchall.udemy.JackAndTheGiant;
				PRODUCT_NAME = "$(TARGET_NAME)";
				SWIFT_VERSION = 3.0;
			};
			name = Debug;
		};
		1A1665981E1113E50087B8CB /* Release */ = {
			isa = XCBuildConfiguration;
			buildSettings = {
				ASSETCATALOG_COMPILER_APPICON_NAME = AppIcon;
				DEVELOPMENT_TEAM = XJTJGEN6DH;
				INFOPLIST_FILE = JackAndTheGiant/Info.plist;
				LD_RUNPATH_SEARCH_PATHS = "$(inherited) @executable_path/Frameworks";
				PRODUCT_BUNDLE_IDENTIFIER = com.birchall.udemy.JackAndTheGiant;
				PRODUCT_NAME = "$(TARGET_NAME)";
				SWIFT_VERSION = 3.0;
			};
			name = Release;
		};
/* End XCBuildConfiguration section */

/* Begin XCConfigurationList section */
		1A16657F1E1113E50087B8CB /* Build configuration list for PBXProject "JackAndTheGiant" */ = {
			isa = XCConfigurationList;
			buildConfigurations = (
				1A1665941E1113E50087B8CB /* Debug */,
				1A1665951E1113E50087B8CB /* Release */,
			);
			defaultConfigurationIsVisible = 0;
			defaultConfigurationName = Release;
		};
		1A1665961E1113E50087B8CB /* Build configuration list for PBXNativeTarget "JackAndTheGiant" */ = {
			isa = XCConfigurationList;
			buildConfigurations = (
				1A1665971E1113E50087B8CB /* Debug */,
				1A1665981E1113E50087B8CB /* Release */,
			);
			defaultConfigurationIsVisible = 0;
		};
/* End XCConfigurationList section */
	};
	rootObject = 1A16657C1E1113E50087B8CB /* Project object */;
}
