// !$*UTF8*$!
{
	archiveVersion = 1;
	classes = {
	};
	objectVersion = 46;
	objects = {

/* Begin PBXBuildFile section */
		1A1665B71E11148D0087B8CB /* AppDelegate.swift in Sources */ = {isa = PBXBuildFile; fileRef = 1A1665B61E11148D0087B8CB /* AppDelegate.swift */; };
		1A1665BF1E11148D0087B8CB /* GameViewController.swift in Sources */ = {isa = PBXBuildFile; fileRef = 1A1665BE1E11148D0087B8CB /* GameViewController.swift */; };
		1A1665C21E11148D0087B8CB /* Main.storyboard in Resources */ = {isa = PBXBuildFile; fileRef = 1A1665C01E11148D0087B8CB /* Main.storyboard */; };
		1A1665C41E11148D0087B8CB /* Assets.xcassets in Resources */ = {isa = PBXBuildFile; fileRef = 1A1665C31E11148D0087B8CB /* Assets.xcassets */; };
		1A1665C71E11148D0087B8CB /* LaunchScreen.storyboard in Resources */ = {isa = PBXBuildFile; fileRef = 1A1665C51E11148D0087B8CB /* LaunchScreen.storyboard */; };
		1A1665E61E1115B20087B8CB /* GameplayScene.sks in Resources */ = {isa = PBXBuildFile; fileRef = 1A1665E51E1115B20087B8CB /* GameplayScene.sks */; };
		1A16661C1E11179A0087B8CB /* Pause Menu.png in Resources */ = {isa = PBXBuildFile; fileRef = 1A1665E81E11179A0087B8CB /* Pause Menu.png */; };
		1A16661D1E11179A0087B8CB /* Quit Button 2.png in Resources */ = {isa = PBXBuildFile; fileRef = 1A1665E91E11179A0087B8CB /* Quit Button 2.png */; };
		1A16661E1E11179A0087B8CB /* Resume Button.png in Resources */ = {isa = PBXBuildFile; fileRef = 1A1665EA1E11179A0087B8CB /* Resume Button.png */; };
		1A16661F1E11179A0087B8CB /* Show Score.png in Resources */ = {isa = PBXBuildFile; fileRef = 1A1665EB1E11179A0087B8CB /* Show Score.png */; };
		1A1666201E11179A0087B8CB /* Coin.png in Resources */ = {isa = PBXBuildFile; fileRef = 1A1665ED1E11179A0087B8CB /* Coin.png */; };
		1A1666211E11179A0087B8CB /* Life.png in Resources */ = {isa = PBXBuildFile; fileRef = 1A1665EE1E11179A0087B8CB /* Life.png */; };
		1A1666221E11179A0087B8CB /* Player.atlas in Resources */ = {isa = PBXBuildFile; fileRef = 1A1665EF1E11179A0087B8CB /* Player.atlas */; };
		1A1666231E11179A0087B8CB /* Player 1.png in Resources */ = {isa = PBXBuildFile; fileRef = 1A1665F11E11179A0087B8CB /* Player 1.png */; };
		1A1666241E11179A0087B8CB /* Player 2.png in Resources */ = {isa = PBXBuildFile; fileRef = 1A1665F21E11179A0087B8CB /* Player 2.png */; };
		1A1666251E11179A0087B8CB /* Player 3.png in Resources */ = {isa = PBXBuildFile; fileRef = 1A1665F31E11179A0087B8CB /* Player 3.png */; };
		1A1666261E11179A0087B8CB /* Player 4.png in Resources */ = {isa = PBXBuildFile; fileRef = 1A1665F41E11179A0087B8CB /* Player 4.png */; };
		1A1666271E11179A0087B8CB /* Player 5.png in Resources */ = {isa = PBXBuildFile; fileRef = 1A1665F51E11179A0087B8CB /* Player 5.png */; };
		1A1666281E11179A0087B8CB /* Player 6.png in Resources */ = {isa = PBXBuildFile; fileRef = 1A1665F61E11179A0087B8CB /* Player 6.png */; };
		1A1666291E11179A0087B8CB /* Player 7.png in Resources */ = {isa = PBXBuildFile; fileRef = 1A1665F71E11179A0087B8CB /* Player 7.png */; };
		1A16662A1E11179A0087B8CB /* Player 8.png in Resources */ = {isa = PBXBuildFile; fileRef = 1A1665F81E11179A0087B8CB /* Player 8.png */; };
		1A16662B1E11179A0087B8CB /* Cloud 1.png in Resources */ = {isa = PBXBuildFile; fileRef = 1A1665FA1E11179A0087B8CB /* Cloud 1.png */; };
		1A16662C1E11179A0087B8CB /* Cloud 2.png in Resources */ = {isa = PBXBuildFile; fileRef = 1A1665FB1E11179A0087B8CB /* Cloud 2.png */; };
		1A16662D1E11179A0087B8CB /* Cloud 3.png in Resources */ = {isa = PBXBuildFile; fileRef = 1A1665FC1E11179A0087B8CB /* Cloud 3.png */; };
		1A16662E1E11179A0087B8CB /* Dark Cloud.png in Resources */ = {isa = PBXBuildFile; fileRef = 1A1665FD1E11179A0087B8CB /* Dark Cloud.png */; };
		1A1666301E11179A0087B8CB /* Background music.mp3 in Resources */ = {isa = PBXBuildFile; fileRef = 1A1666011E11179A0087B8CB /* Background music.mp3 */; };
		1A1666311E11179A0087B8CB /* Click Sound.wav in Resources */ = {isa = PBXBuildFile; fileRef = 1A1666021E11179A0087B8CB /* Click Sound.wav */; };
		1A1666321E11179A0087B8CB /* Coin Sound.wav in Resources */ = {isa = PBXBuildFile; fileRef = 1A1666031E11179A0087B8CB /* Coin Sound.wav */; };
		1A1666331E11179A0087B8CB /* Life Sound.wav in Resources */ = {isa = PBXBuildFile; fileRef = 1A1666041E11179A0087B8CB /* Life Sound.wav */; };
		1A1666341E11179A0087B8CB /* Game BG.png in Resources */ = {isa = PBXBuildFile; fileRef = 1A1666061E11179A0087B8CB /* Game BG.png */; };
		1A1666351E11179A0087B8CB /* Highscore BG.png in Resources */ = {isa = PBXBuildFile; fileRef = 1A1666071E11179A0087B8CB /* Highscore BG.png */; };
		1A1666361E11179A0087B8CB /* Menu BG.png in Resources */ = {isa = PBXBuildFile; fileRef = 1A1666081E11179A0087B8CB /* Menu BG.png */; };
		1A1666371E11179A0087B8CB /* Options BG.png in Resources */ = {isa = PBXBuildFile; fileRef = 1A1666091E11179A0087B8CB /* Options BG.png */; };
		1A1666381E11179A0087B8CB /* Pause Button.png in Resources */ = {isa = PBXBuildFile; fileRef = 1A16660C1E11179A0087B8CB /* Pause Button.png */; };
		1A1666391E11179A0087B8CB /* Ready.png in Resources */ = {isa = PBXBuildFile; fileRef = 1A16660D1E11179A0087B8CB /* Ready.png */; };
		1A16663A1E11179A0087B8CB /* Score.png in Resources */ = {isa = PBXBuildFile; fileRef = 1A16660E1E11179A0087B8CB /* Score.png */; };
		1A16663B1E11179A0087B8CB /* Back Button.png in Resources */ = {isa = PBXBuildFile; fileRef = 1A1666101E11179A0087B8CB /* Back Button.png */; };
		1A16663C1E11179A0087B8CB /* Check Sign.png in Resources */ = {isa = PBXBuildFile; fileRef = 1A1666111E11179A0087B8CB /* Check Sign.png */; };
		1A16663D1E11179A0087B8CB /* Easy Button.png in Resources */ = {isa = PBXBuildFile; fileRef = 1A1666121E11179A0087B8CB /* Easy Button.png */; };
		1A16663E1E11179A0087B8CB /* Hard Button.png in Resources */ = {isa = PBXBuildFile; fileRef = 1A1666131E11179A0087B8CB /* Hard Button.png */; };
		1A16663F1E11179A0087B8CB /* Medium Button.png in Resources */ = {isa = PBXBuildFile; fileRef = 1A1666141E11179A0087B8CB /* Medium Button.png */; };
		1A1666401E11179A0087B8CB /* Highscore Button.png in Resources */ = {isa = PBXBuildFile; fileRef = 1A1666161E11179A0087B8CB /* Highscore Button.png */; };
		1A1666411E11179A0087B8CB /* Music Off Button.png in Resources */ = {isa = PBXBuildFile; fileRef = 1A1666171E11179A0087B8CB /* Music Off Button.png */; };
		1A1666421E11179A0087B8CB /* Music On Button.png in Resources */ = {isa = PBXBuildFile; fileRef = 1A1666181E11179A0087B8CB /* Music On Button.png */; };
		1A1666431E11179A0087B8CB /* Options Button.png in Resources */ = {isa = PBXBuildFile; fileRef = 1A1666191E11179A0087B8CB /* Options Button.png */; };
		1A1666441E11179A0087B8CB /* Quit Button.png in Resources */ = {isa = PBXBuildFile; fileRef = 1A16661A1E11179A0087B8CB /* Quit Button.png */; };
		1A1666451E11179A0087B8CB /* Start Game Button.png in Resources */ = {isa = PBXBuildFile; fileRef = 1A16661B1E11179A0087B8CB /* Start Game Button.png */; };
		1A1666481E1118EA0087B8CB /* GameplayScene.swift in Sources */ = {isa = PBXBuildFile; fileRef = 1A1666471E1118EA0087B8CB /* GameplayScene.swift */; };
		1A16664A1E111A500087B8CB /* Player.swift in Sources */ = {isa = PBXBuildFile; fileRef = 1A1666491E111A500087B8CB /* Player.swift */; };
		1AD08C561E9AB09300439D99 /* CloudsController.swift in Sources */ = {isa = PBXBuildFile; fileRef = 1AD08C551E9AB09300439D99 /* CloudsController.swift */; };
		1ADFF89D1EA532DE00DA3FCB /* MainMenuScene.sks in Resources */ = {isa = PBXBuildFile; fileRef = 1ADFF89C1EA532DE00DA3FCB /* MainMenuScene.sks */; };
		1ADFF89F1EA6AFA100DA3FCB /* MainMenuScene.swift in Sources */ = {isa = PBXBuildFile; fileRef = 1ADFF89E1EA6AFA100DA3FCB /* MainMenuScene.swift */; };
		1ADFF8A11EA6B23200DA3FCB /* HighscoreScene.sks in Resources */ = {isa = PBXBuildFile; fileRef = 1ADFF8A01EA6B23200DA3FCB /* HighscoreScene.sks */; };
		1ADFF8A31EA6B2BC00DA3FCB /* HighscoreScene.swift in Sources */ = {isa = PBXBuildFile; fileRef = 1ADFF8A21EA6B2BC00DA3FCB /* HighscoreScene.swift */; };
		1AE34E461E99261500176219 /* Player.atlas in Resources */ = {isa = PBXBuildFile; fileRef = 1AE34E451E99261500176219 /* Player.atlas */; };
		1AE34E481E997D9F00176219 /* Background.swift in Sources */ = {isa = PBXBuildFile; fileRef = 1AE34E471E997D9F00176219 /* Background.swift */; };
/* End PBXBuildFile section */

/* Begin PBXFileReference section */
		1A1665B31E11148D0087B8CB /* JackTheGiant.app */ = {isa = PBXFileReference; explicitFileType = wrapper.application; includeInIndex = 0; path = JackTheGiant.app; sourceTree = BUILT_PRODUCTS_DIR; };
		1A1665B61E11148D0087B8CB /* AppDelegate.swift */ = {isa = PBXFileReference; lastKnownFileType = sourcecode.swift; path = AppDelegate.swift; sourceTree = "<group>"; };
		1A1665BE1E11148D0087B8CB /* GameViewController.swift */ = {isa = PBXFileReference; lastKnownFileType = sourcecode.swift; path = GameViewController.swift; sourceTree = "<group>"; };
		1A1665C11E11148D0087B8CB /* Base */ = {isa = PBXFileReference; lastKnownFileType = file.storyboard; name = Base; path = Base.lproj/Main.storyboard; sourceTree = "<group>"; };
		1A1665C31E11148D0087B8CB /* Assets.xcassets */ = {isa = PBXFileReference; lastKnownFileType = folder.assetcatalog; path = Assets.xcassets; sourceTree = "<group>"; };
		1A1665C61E11148D0087B8CB /* Base */ = {isa = PBXFileReference; lastKnownFileType = file.storyboard; name = Base; path = Base.lproj/LaunchScreen.storyboard; sourceTree = "<group>"; };
		1A1665C81E11148D0087B8CB /* Info.plist */ = {isa = PBXFileReference; lastKnownFileType = text.plist.xml; path = Info.plist; sourceTree = "<group>"; };
		1A1665E51E1115B20087B8CB /* GameplayScene.sks */ = {isa = PBXFileReference; lastKnownFileType = file.sks; path = GameplayScene.sks; sourceTree = "<group>"; };
		1A1665E81E11179A0087B8CB /* Pause Menu.png */ = {isa = PBXFileReference; lastKnownFileType = image.png; path = "Pause Menu.png"; sourceTree = "<group>"; };
		1A1665E91E11179A0087B8CB /* Quit Button 2.png */ = {isa = PBXFileReference; lastKnownFileType = image.png; path = "Quit Button 2.png"; sourceTree = "<group>"; };
		1A1665EA1E11179A0087B8CB /* Resume Button.png */ = {isa = PBXFileReference; lastKnownFileType = image.png; path = "Resume Button.png"; sourceTree = "<group>"; };
		1A1665EB1E11179A0087B8CB /* Show Score.png */ = {isa = PBXFileReference; lastKnownFileType = image.png; path = "Show Score.png"; sourceTree = "<group>"; };
		1A1665ED1E11179A0087B8CB /* Coin.png */ = {isa = PBXFileReference; lastKnownFileType = image.png; path = Coin.png; sourceTree = "<group>"; };
		1A1665EE1E11179A0087B8CB /* Life.png */ = {isa = PBXFileReference; lastKnownFileType = image.png; path = Life.png; sourceTree = "<group>"; };
		1A1665EF1E11179A0087B8CB /* Player.atlas */ = {isa = PBXFileReference; lastKnownFileType = folder.skatlas; path = Player.atlas; sourceTree = "<group>"; };
		1A1665F11E11179A0087B8CB /* Player 1.png */ = {isa = PBXFileReference; lastKnownFileType = image.png; path = "Player 1.png"; sourceTree = "<group>"; };
		1A1665F21E11179A0087B8CB /* Player 2.png */ = {isa = PBXFileReference; lastKnownFileType = image.png; path = "Player 2.png"; sourceTree = "<group>"; };
		1A1665F31E11179A0087B8CB /* Player 3.png */ = {isa = PBXFileReference; lastKnownFileType = image.png; path = "Player 3.png"; sourceTree = "<group>"; };
		1A1665F41E11179A0087B8CB /* Player 4.png */ = {isa = PBXFileReference; lastKnownFileType = image.png; path = "Player 4.png"; sourceTree = "<group>"; };
		1A1665F51E11179A0087B8CB /* Player 5.png */ = {isa = PBXFileReference; lastKnownFileType = image.png; path = "Player 5.png"; sourceTree = "<group>"; };
		1A1665F61E11179A0087B8CB /* Player 6.png */ = {isa = PBXFileReference; lastKnownFileType = image.png; path = "Player 6.png"; sourceTree = "<group>"; };
		1A1665F71E11179A0087B8CB /* Player 7.png */ = {isa = PBXFileReference; lastKnownFileType = image.png; path = "Player 7.png"; sourceTree = "<group>"; };
		1A1665F81E11179A0087B8CB /* Player 8.png */ = {isa = PBXFileReference; lastKnownFileType = image.png; path = "Player 8.png"; sourceTree = "<group>"; };
		1A1665FA1E11179A0087B8CB /* Cloud 1.png */ = {isa = PBXFileReference; lastKnownFileType = image.png; path = "Cloud 1.png"; sourceTree = "<group>"; };
		1A1665FB1E11179A0087B8CB /* Cloud 2.png */ = {isa = PBXFileReference; lastKnownFileType = image.png; path = "Cloud 2.png"; sourceTree = "<group>"; };
		1A1665FC1E11179A0087B8CB /* Cloud 3.png */ = {isa = PBXFileReference; lastKnownFileType = image.png; path = "Cloud 3.png"; sourceTree = "<group>"; };
		1A1665FD1E11179A0087B8CB /* Dark Cloud.png */ = {isa = PBXFileReference; lastKnownFileType = image.png; path = "Dark Cloud.png"; sourceTree = "<group>"; };
		1A1666011E11179A0087B8CB /* Background music.mp3 */ = {isa = PBXFileReference; lastKnownFileType = audio.mp3; path = "Background music.mp3"; sourceTree = "<group>"; };
		1A1666021E11179A0087B8CB /* Click Sound.wav */ = {isa = PBXFileReference; lastKnownFileType = audio.wav; path = "Click Sound.wav"; sourceTree = "<group>"; };
		1A1666031E11179A0087B8CB /* Coin Sound.wav */ = {isa = PBXFileReference; lastKnownFileType = audio.wav; path = "Coin Sound.wav"; sourceTree = "<group>"; };
		1A1666041E11179A0087B8CB /* Life Sound.wav */ = {isa = PBXFileReference; lastKnownFileType = audio.wav; path = "Life Sound.wav"; sourceTree = "<group>"; };
		1A1666061E11179A0087B8CB /* Game BG.png */ = {isa = PBXFileReference; lastKnownFileType = image.png; path = "Game BG.png"; sourceTree = "<group>"; };
		1A1666071E11179A0087B8CB /* Highscore BG.png */ = {isa = PBXFileReference; lastKnownFileType = image.png; path = "Highscore BG.png"; sourceTree = "<group>"; };
		1A1666081E11179A0087B8CB /* Menu BG.png */ = {isa = PBXFileReference; lastKnownFileType = image.png; path = "Menu BG.png"; sourceTree = "<group>"; };
		1A1666091E11179A0087B8CB /* Options BG.png */ = {isa = PBXFileReference; lastKnownFileType = image.png; path = "Options BG.png"; sourceTree = "<group>"; };
		1A16660C1E11179A0087B8CB /* Pause Button.png */ = {isa = PBXFileReference; lastKnownFileType = image.png; path = "Pause Button.png"; sourceTree = "<group>"; };
		1A16660D1E11179A0087B8CB /* Ready.png */ = {isa = PBXFileReference; lastKnownFileType = image.png; path = Ready.png; sourceTree = "<group>"; };
		1A16660E1E11179A0087B8CB /* Score.png */ = {isa = PBXFileReference; lastKnownFileType = image.png; path = Score.png; sourceTree = "<group>"; };
		1A1666101E11179A0087B8CB /* Back Button.png */ = {isa = PBXFileReference; lastKnownFileType = image.png; path = "Back Button.png"; sourceTree = "<group>"; };
		1A1666111E11179A0087B8CB /* Check Sign.png */ = {isa = PBXFileReference; lastKnownFileType = image.png; path = "Check Sign.png"; sourceTree = "<group>"; };
		1A1666121E11179A0087B8CB /* Easy Button.png */ = {isa = PBXFileReference; lastKnownFileType = image.png; path = "Easy Button.png"; sourceTree = "<group>"; };
		1A1666131E11179A0087B8CB /* Hard Button.png */ = {isa = PBXFileReference; lastKnownFileType = image.png; path = "Hard Button.png"; sourceTree = "<group>"; };
		1A1666141E11179A0087B8CB /* Medium Button.png */ = {isa = PBXFileReference; lastKnownFileType = image.png; path = "Medium Button.png"; sourceTree = "<group>"; };
		1A1666161E11179A0087B8CB /* Highscore Button.png */ = {isa = PBXFileReference; lastKnownFileType = image.png; path = "Highscore Button.png"; sourceTree = "<group>"; };
		1A1666171E11179A0087B8CB /* Music Off Button.png */ = {isa = PBXFileReference; lastKnownFileType = image.png; path = "Music Off Button.png"; sourceTree = "<group>"; };
		1A1666181E11179A0087B8CB /* Music On Button.png */ = {isa = PBXFileReference; lastKnownFileType = image.png; path = "Music On Button.png"; sourceTree = "<group>"; };
		1A1666191E11179A0087B8CB /* Options Button.png */ = {isa = PBXFileReference; lastKnownFileType = image.png; path = "Options Button.png"; sourceTree = "<group>"; };
		1A16661A1E11179A0087B8CB /* Quit Button.png */ = {isa = PBXFileReference; lastKnownFileType = image.png; path = "Quit Button.png"; sourceTree = "<group>"; };
		1A16661B1E11179A0087B8CB /* Start Game Button.png */ = {isa = PBXFileReference; lastKnownFileType = image.png; path = "Start Game Button.png"; sourceTree = "<group>"; };
		1A1666471E1118EA0087B8CB /* GameplayScene.swift */ = {isa = PBXFileReference; fileEncoding = 4; lastKnownFileType = sourcecode.swift; path = GameplayScene.swift; sourceTree = "<group>"; };
		1A1666491E111A500087B8CB /* Player.swift */ = {isa = PBXFileReference; fileEncoding = 4; lastKnownFileType = sourcecode.swift; path = Player.swift; sourceTree = "<group>"; };
		1AD08C551E9AB09300439D99 /* CloudsController.swift */ = {isa = PBXFileReference; fileEncoding = 4; lastKnownFileType = sourcecode.swift; path = CloudsController.swift; sourceTree = "<group>"; };
		1ADFF89C1EA532DE00DA3FCB /* MainMenuScene.sks */ = {isa = PBXFileReference; lastKnownFileType = file.sks; path = MainMenuScene.sks; sourceTree = "<group>"; };
		1ADFF89E1EA6AFA100DA3FCB /* MainMenuScene.swift */ = {isa = PBXFileReference; fileEncoding = 4; lastKnownFileType = sourcecode.swift; path = MainMenuScene.swift; sourceTree = "<group>"; };
		1ADFF8A01EA6B23200DA3FCB /* HighscoreScene.sks */ = {isa = PBXFileReference; lastKnownFileType = file.sks; path = HighscoreScene.sks; sourceTree = "<group>"; };
		1ADFF8A21EA6B2BC00DA3FCB /* HighscoreScene.swift */ = {isa = PBXFileReference; fileEncoding = 4; lastKnownFileType = sourcecode.swift; path = HighscoreScene.swift; sourceTree = "<group>"; };
		1ADFF8A41EA6B50800DA3FCB /* blow.ttf */ = {isa = PBXFileReference; lastKnownFileType = file; path = blow.ttf; sourceTree = "<group>"; };
		1AE34E451E99261500176219 /* Player.atlas */ = {isa = PBXFileReference; lastKnownFileType = folder.skatlas; path = Player.atlas; sourceTree = "<group>"; };
		1AE34E471E997D9F00176219 /* Background.swift */ = {isa = PBXFileReference; fileEncoding = 4; lastKnownFileType = sourcecode.swift; path = Background.swift; sourceTree = "<group>"; };
/* End PBXFileReference section */

/* Begin PBXFrameworksBuildPhase section */
		1A1665B01E11148D0087B8CB /* Frameworks */ = {
			isa = PBXFrameworksBuildPhase;
			buildActionMask = 2147483647;
			files = (
			);
			runOnlyForDeploymentPostprocessing = 0;
		};
/* End PBXFrameworksBuildPhase section */

/* Begin PBXGroup section */
		1A1665AA1E11148D0087B8CB = {
			isa = PBXGroup;
			children = (
				1A1665B51E11148D0087B8CB /* JackTheGiant */,
				1A1665B41E11148D0087B8CB /* Products */,
			);
			sourceTree = "<group>";
		};
		1A1665B41E11148D0087B8CB /* Products */ = {
			isa = PBXGroup;
			children = (
				1A1665B31E11148D0087B8CB /* JackTheGiant.app */,
			);
			name = Products;
			sourceTree = "<group>";
		};
		1A1665B51E11148D0087B8CB /* JackTheGiant */ = {
			isa = PBXGroup;
			children = (
				1A1665E41E1115270087B8CB /* Models */,
				1A1665E31E1115200087B8CB /* Views */,
				1A1665E11E11150D0087B8CB /* Controllers */,
				1A1665E01E1115070087B8CB /* Scenes */,
				1A1665DF1E1114FC0087B8CB /* Autogen */,
				1A1665C31E11148D0087B8CB /* Assets.xcassets */,
				1A1665DE1E1114A10087B8CB /* Assets */,
			);
			path = JackTheGiant;
			sourceTree = "<group>";
		};
		1A1665DE1E1114A10087B8CB /* Assets */ = {
			isa = PBXGroup;
			children = (
				1ADFF8A41EA6B50800DA3FCB /* blow.ttf */,
				1AE34E451E99261500176219 /* Player.atlas */,
				1A1665F01E11179A0087B8CB /* Player */,
				1A1665E71E11179A0087B8CB /* 1 - Pause Panel And Buttons */,
				1A1665EC1E11179A0087B8CB /* 2 - Collectables */,
				1A1665F91E11179A0087B8CB /* 4 - Clouds */,
				1A1666001E11179A0087B8CB /* 6 - Music */,
				1A1666051E11179A0087B8CB /* 7 - Backgrounds */,
				1A16660A1E11179A0087B8CB /* 8 - Buttons */,
			);
			name = Assets;
			sourceTree = "<group>";
		};
		1A1665DF1E1114FC0087B8CB /* Autogen */ = {
			isa = PBXGroup;
			children = (
				1A1665B61E11148D0087B8CB /* AppDelegate.swift */,
				1A1665C51E11148D0087B8CB /* LaunchScreen.storyboard */,
				1A1665C81E11148D0087B8CB /* Info.plist */,
			);
			name = Autogen;
			sourceTree = "<group>";
		};
		1A1665E01E1115070087B8CB /* Scenes */ = {
			isa = PBXGroup;
			children = (
				1A1665E51E1115B20087B8CB /* GameplayScene.sks */,
				1ADFF89C1EA532DE00DA3FCB /* MainMenuScene.sks */,
				1ADFF8A01EA6B23200DA3FCB /* HighscoreScene.sks */,
			);
			name = Scenes;
			sourceTree = "<group>";
		};
		1A1665E11E11150D0087B8CB /* Controllers */ = {
			isa = PBXGroup;
			children = (
				1AD08C551E9AB09300439D99 /* CloudsController.swift */,
				1A1665BE1E11148D0087B8CB /* GameViewController.swift */,
			);
			name = Controllers;
			sourceTree = "<group>";
		};
		1A1665E31E1115200087B8CB /* Views */ = {
			isa = PBXGroup;
			children = (
				1A1665C01E11148D0087B8CB /* Main.storyboard */,
			);
			name = Views;
			sourceTree = "<group>";
		};
		1A1665E41E1115270087B8CB /* Models */ = {
			isa = PBXGroup;
			children = (
				1A1666461E1118BA0087B8CB /* Scene Models */,
				1A1666491E111A500087B8CB /* Player.swift */,
				1AE34E471E997D9F00176219 /* Background.swift */,
			);
			name = Models;
			sourceTree = "<group>";
		};
		1A1665E71E11179A0087B8CB /* 1 - Pause Panel And Buttons */ = {
			isa = PBXGroup;
			children = (
				1A1665E81E11179A0087B8CB /* Pause Menu.png */,
				1A1665E91E11179A0087B8CB /* Quit Button 2.png */,
				1A1665EA1E11179A0087B8CB /* Resume Button.png */,
				1A1665EB1E11179A0087B8CB /* Show Score.png */,
			);
			path = "1 - Pause Panel And Buttons";
			sourceTree = "<group>";
		};
		1A1665EC1E11179A0087B8CB /* 2 - Collectables */ = {
			isa = PBXGroup;
			children = (
				1A1665ED1E11179A0087B8CB /* Coin.png */,
				1A1665EE1E11179A0087B8CB /* Life.png */,
				1A1665EF1E11179A0087B8CB /* Player.atlas */,
			);
			path = "2 - Collectables";
			sourceTree = "<group>";
		};
		1A1665F01E11179A0087B8CB /* Player */ = {
			isa = PBXGroup;
			children = (
				1A1665F11E11179A0087B8CB /* Player 1.png */,
				1A1665F21E11179A0087B8CB /* Player 2.png */,
				1A1665F31E11179A0087B8CB /* Player 3.png */,
				1A1665F41E11179A0087B8CB /* Player 4.png */,
				1A1665F51E11179A0087B8CB /* Player 5.png */,
				1A1665F61E11179A0087B8CB /* Player 6.png */,
				1A1665F71E11179A0087B8CB /* Player 7.png */,
				1A1665F81E11179A0087B8CB /* Player 8.png */,
			);
			name = Player;
			path = "3 - Player";
			sourceTree = "<group>";
		};
		1A1665F91E11179A0087B8CB /* 4 - Clouds */ = {
			isa = PBXGroup;
			children = (
				1A1665FA1E11179A0087B8CB /* Cloud 1.png */,
				1A1665FB1E11179A0087B8CB /* Cloud 2.png */,
				1A1665FC1E11179A0087B8CB /* Cloud 3.png */,
				1A1665FD1E11179A0087B8CB /* Dark Cloud.png */,
			);
			path = "4 - Clouds";
			sourceTree = "<group>";
		};
		1A1666001E11179A0087B8CB /* 6 - Music */ = {
			isa = PBXGroup;
			children = (
				1A1666011E11179A0087B8CB /* Background music.mp3 */,
				1A1666021E11179A0087B8CB /* Click Sound.wav */,
				1A1666031E11179A0087B8CB /* Coin Sound.wav */,
				1A1666041E11179A0087B8CB /* Life Sound.wav */,
			);
			path = "6 - Music";
			sourceTree = "<group>";
		};
		1A1666051E11179A0087B8CB /* 7 - Backgrounds */ = {
			isa = PBXGroup;
			children = (
				1A1666061E11179A0087B8CB /* Game BG.png */,
				1A1666071E11179A0087B8CB /* Highscore BG.png */,
				1A1666081E11179A0087B8CB /* Menu BG.png */,
				1A1666091E11179A0087B8CB /* Options BG.png */,
			);
			path = "7 - Backgrounds";
			sourceTree = "<group>";
		};
		1A16660A1E11179A0087B8CB /* 8 - Buttons */ = {
			isa = PBXGroup;
			children = (
				1A16660B1E11179A0087B8CB /* 1 - Gameplay Buttons */,
				1A16660F1E11179A0087B8CB /* 2 - Options Buttons */,
				1A1666151E11179A0087B8CB /* 3 - Main Menu Buttons */,
			);
			path = "8 - Buttons";
			sourceTree = "<group>";
		};
		1A16660B1E11179A0087B8CB /* 1 - Gameplay Buttons */ = {
			isa = PBXGroup;
			children = (
				1A16660C1E11179A0087B8CB /* Pause Button.png */,
				1A16660D1E11179A0087B8CB /* Ready.png */,
				1A16660E1E11179A0087B8CB /* Score.png */,
			);
			path = "1 - Gameplay Buttons";
			sourceTree = "<group>";
		};
		1A16660F1E11179A0087B8CB /* 2 - Options Buttons */ = {
			isa = PBXGroup;
			children = (
				1A1666101E11179A0087B8CB /* Back Button.png */,
				1A1666111E11179A0087B8CB /* Check Sign.png */,
				1A1666121E11179A0087B8CB /* Easy Button.png */,
				1A1666131E11179A0087B8CB /* Hard Button.png */,
				1A1666141E11179A0087B8CB /* Medium Button.png */,
			);
			path = "2 - Options Buttons";
			sourceTree = "<group>";
		};
		1A1666151E11179A0087B8CB /* 3 - Main Menu Buttons */ = {
			isa = PBXGroup;
			children = (
				1A1666161E11179A0087B8CB /* Highscore Button.png */,
				1A1666171E11179A0087B8CB /* Music Off Button.png */,
				1A1666181E11179A0087B8CB /* Music On Button.png */,
				1A1666191E11179A0087B8CB /* Options Button.png */,
				1A16661A1E11179A0087B8CB /* Quit Button.png */,
				1A16661B1E11179A0087B8CB /* Start Game Button.png */,
			);
			path = "3 - Main Menu Buttons";
			sourceTree = "<group>";
		};
		1A1666461E1118BA0087B8CB /* Scene Models */ = {
			isa = PBXGroup;
			children = (
				1A1666471E1118EA0087B8CB /* GameplayScene.swift */,
				1ADFF89E1EA6AFA100DA3FCB /* MainMenuScene.swift */,
				1ADFF8A21EA6B2BC00DA3FCB /* HighscoreScene.swift */,
			);
			name = "Scene Models";
			sourceTree = "<group>";
		};
/* End PBXGroup section */

/* Begin PBXNativeTarget section */
		1A1665B21E11148D0087B8CB /* JackTheGiant */ = {
			isa = PBXNativeTarget;
			buildConfigurationList = 1A1665CB1E11148D0087B8CB /* Build configuration list for PBXNativeTarget "JackTheGiant" */;
			buildPhases = (
				1A1665AF1E11148D0087B8CB /* Sources */,
				1A1665B01E11148D0087B8CB /* Frameworks */,
				1A1665B11E11148D0087B8CB /* Resources */,
			);
			buildRules = (
			);
			dependencies = (
			);
			name = JackTheGiant;
			productName = JackTheGiant;
			productReference = 1A1665B31E11148D0087B8CB /* JackTheGiant.app */;
			productType = "com.apple.product-type.application";
		};
/* End PBXNativeTarget section */

/* Begin PBXProject section */
		1A1665AB1E11148D0087B8CB /* Project object */ = {
			isa = PBXProject;
			attributes = {
				LastSwiftUpdateCheck = 0810;
				LastUpgradeCheck = 0830;
				ORGANIZATIONNAME = "James Birchall";
				TargetAttributes = {
					1A1665B21E11148D0087B8CB = {
						CreatedOnToolsVersion = 8.1;
						DevelopmentTeam = XJTJGEN6DH;
						ProvisioningStyle = Automatic;
					};
				};
			};
			buildConfigurationList = 1A1665AE1E11148D0087B8CB /* Build configuration list for PBXProject "JackTheGiant" */;
			compatibilityVersion = "Xcode 3.2";
			developmentRegion = English;
			hasScannedForEncodings = 0;
			knownRegions = (
				en,
				Base,
			);
			mainGroup = 1A1665AA1E11148D0087B8CB;
			productRefGroup = 1A1665B41E11148D0087B8CB /* Products */;
			projectDirPath = "";
			projectRoot = "";
			targets = (
				1A1665B21E11148D0087B8CB /* JackTheGiant */,
			);
		};
/* End PBXProject section */

/* Begin PBXResourcesBuildPhase section */
		1A1665B11E11148D0087B8CB /* Resources */ = {
			isa = PBXResourcesBuildPhase;
			buildActionMask = 2147483647;
			files = (
				1A1666311E11179A0087B8CB /* Click Sound.wav in Resources */,
				1A1666431E11179A0087B8CB /* Options Button.png in Resources */,
				1A1666361E11179A0087B8CB /* Menu BG.png in Resources */,
				1A1666421E11179A0087B8CB /* Music On Button.png in Resources */,
				1A16662A1E11179A0087B8CB /* Player 8.png in Resources */,
				1A16663C1E11179A0087B8CB /* Check Sign.png in Resources */,
				1A16662C1E11179A0087B8CB /* Cloud 2.png in Resources */,
				1A1666201E11179A0087B8CB /* Coin.png in Resources */,
				1A16662B1E11179A0087B8CB /* Cloud 1.png in Resources */,
				1A1666271E11179A0087B8CB /* Player 5.png in Resources */,
				1A1666381E11179A0087B8CB /* Pause Button.png in Resources */,
				1A1666351E11179A0087B8CB /* Highscore BG.png in Resources */,
				1A1666451E11179A0087B8CB /* Start Game Button.png in Resources */,
				1A16661C1E11179A0087B8CB /* Pause Menu.png in Resources */,
				1A1666331E11179A0087B8CB /* Life Sound.wav in Resources */,
				1A16662D1E11179A0087B8CB /* Cloud 3.png in Resources */,
				1A1666261E11179A0087B8CB /* Player 4.png in Resources */,
				1A1666321E11179A0087B8CB /* Coin Sound.wav in Resources */,
				1A1666411E11179A0087B8CB /* Music Off Button.png in Resources */,
				1A1666221E11179A0087B8CB /* Player.atlas in Resources */,
				1A16663F1E11179A0087B8CB /* Medium Button.png in Resources */,
				1A1666401E11179A0087B8CB /* Highscore Button.png in Resources */,
				1A16661E1E11179A0087B8CB /* Resume Button.png in Resources */,
				1A1665C21E11148D0087B8CB /* Main.storyboard in Resources */,
				1A1666251E11179A0087B8CB /* Player 3.png in Resources */,
				1A16663B1E11179A0087B8CB /* Back Button.png in Resources */,
				1A1666231E11179A0087B8CB /* Player 1.png in Resources */,
				1ADFF8A11EA6B23200DA3FCB /* HighscoreScene.sks in Resources */,
				1A1665E61E1115B20087B8CB /* GameplayScene.sks in Resources */,
				1A1665C41E11148D0087B8CB /* Assets.xcassets in Resources */,
				1A1665C71E11148D0087B8CB /* LaunchScreen.storyboard in Resources */,
				1A1666371E11179A0087B8CB /* Options BG.png in Resources */,
				1A1666211E11179A0087B8CB /* Life.png in Resources */,
				1A1666341E11179A0087B8CB /* Game BG.png in Resources */,
				1A16663D1E11179A0087B8CB /* Easy Button.png in Resources */,
				1A16662E1E11179A0087B8CB /* Dark Cloud.png in Resources */,
				1A16661F1E11179A0087B8CB /* Show Score.png in Resources */,
				1A1666241E11179A0087B8CB /* Player 2.png in Resources */,
				1AE34E461E99261500176219 /* Player.atlas in Resources */,
				1A16663E1E11179A0087B8CB /* Hard Button.png in Resources */,
				1ADFF89D1EA532DE00DA3FCB /* MainMenuScene.sks in Resources */,
				1A1666391E11179A0087B8CB /* Ready.png in Resources */,
				1A1666441E11179A0087B8CB /* Quit Button.png in Resources */,
				1A16663A1E11179A0087B8CB /* Score.png in Resources */,
				1A1666281E11179A0087B8CB /* Player 6.png in Resources */,
				1A16661D1E11179A0087B8CB /* Quit Button 2.png in Resources */,
				1A1666301E11179A0087B8CB /* Background music.mp3 in Resources */,
				1A1666291E11179A0087B8CB /* Player 7.png in Resources */,
			);
			runOnlyForDeploymentPostprocessing = 0;
		};
/* End PBXResourcesBuildPhase section */

/* Begin PBXSourcesBuildPhase section */
		1A1665AF1E11148D0087B8CB /* Sources */ = {
			isa = PBXSourcesBuildPhase;
			buildActionMask = 2147483647;
			files = (
				1A16664A1E111A500087B8CB /* Player.swift in Sources */,
				1ADFF8A31EA6B2BC00DA3FCB /* HighscoreScene.swift in Sources */,
				1A1665BF1E11148D0087B8CB /* GameViewController.swift in Sources */,
				1A1666481E1118EA0087B8CB /* GameplayScene.swift in Sources */,
				1AD08C561E9AB09300439D99 /* CloudsController.swift in Sources */,
				1A1665B71E11148D0087B8CB /* AppDelegate.swift in Sources */,
				1ADFF89F1EA6AFA100DA3FCB /* MainMenuScene.swift in Sources */,
				1AE34E481E997D9F00176219 /* Background.swift in Sources */,
			);
			runOnlyForDeploymentPostprocessing = 0;
		};
/* End PBXSourcesBuildPhase section */

/* Begin PBXVariantGroup section */
		1A1665C01E11148D0087B8CB /* Main.storyboard */ = {
			isa = PBXVariantGroup;
			children = (
				1A1665C11E11148D0087B8CB /* Base */,
			);
			name = Main.storyboard;
			sourceTree = "<group>";
		};
		1A1665C51E11148D0087B8CB /* LaunchScreen.storyboard */ = {
			isa = PBXVariantGroup;
			children = (
				1A1665C61E11148D0087B8CB /* Base */,
			);
			name = LaunchScreen.storyboard;
			sourceTree = "<group>";
		};
/* End PBXVariantGroup section */

/* Begin XCBuildConfiguration section */
		1A1665C91E11148D0087B8CB /* Debug */ = {
			isa = XCBuildConfiguration;
			buildSettings = {
				ALWAYS_SEARCH_USER_PATHS = NO;
				CLANG_ANALYZER_NONNULL = YES;
				CLANG_CXX_LANGUAGE_STANDARD = "gnu++0x";
				CLANG_CXX_LIBRARY = "libc++";
				CLANG_ENABLE_MODULES = YES;
				CLANG_ENABLE_OBJC_ARC = YES;
				CLANG_WARN_BOOL_CONVERSION = YES;
				CLANG_WARN_CONSTANT_CONVERSION = YES;
				CLANG_WARN_DIRECT_OBJC_ISA_USAGE = YES_ERROR;
				CLANG_WARN_DOCUMENTATION_COMMENTS = YES;
				CLANG_WARN_EMPTY_BODY = YES;
				CLANG_WARN_ENUM_CONVERSION = YES;
				CLANG_WARN_INFINITE_RECURSION = YES;
				CLANG_WARN_INT_CONVERSION = YES;
				CLANG_WARN_OBJC_ROOT_CLASS = YES_ERROR;
				CLANG_WARN_SUSPICIOUS_MOVE = YES;
				CLANG_WARN_SUSPICIOUS_MOVES = YES;
				CLANG_WARN_UNREACHABLE_CODE = YES;
				CLANG_WARN__DUPLICATE_METHOD_MATCH = YES;
				"CODE_SIGN_IDENTITY[sdk=iphoneos*]" = "iPhone Developer";
				COPY_PHASE_STRIP = NO;
				DEBUG_INFORMATION_FORMAT = dwarf;
				ENABLE_STRICT_OBJC_MSGSEND = YES;
				ENABLE_TESTABILITY = YES;
				GCC_C_LANGUAGE_STANDARD = gnu99;
				GCC_DYNAMIC_NO_PIC = NO;
				GCC_NO_COMMON_BLOCKS = YES;
				GCC_OPTIMIZATION_LEVEL = 0;
				GCC_PREPROCESSOR_DEFINITIONS = (
					"DEBUG=1",
					"$(inherited)",
				);
				GCC_WARN_64_TO_32_BIT_CONVERSION = YES;
				GCC_WARN_ABOUT_RETURN_TYPE = YES_ERROR;
				GCC_WARN_UNDECLARED_SELECTOR = YES;
				GCC_WARN_UNINITIALIZED_AUTOS = YES_AGGRESSIVE;
				GCC_WARN_UNUSED_FUNCTION = YES;
				GCC_WARN_UNUSED_VARIABLE = YES;
				IPHONEOS_DEPLOYMENT_TARGET = 10.1;
				MTL_ENABLE_DEBUG_INFO = YES;
				ONLY_ACTIVE_ARCH = YES;
				SDKROOT = iphoneos;
				SWIFT_ACTIVE_COMPILATION_CONDITIONS = DEBUG;
				SWIFT_OPTIMIZATION_LEVEL = "-Onone";
			};
			name = Debug;
		};
		1A1665CA1E11148D0087B8CB /* Release */ = {
			isa = XCBuildConfiguration;
			buildSettings = {
				ALWAYS_SEARCH_USER_PATHS = NO;
				CLANG_ANALYZER_NONNULL = YES;
				CLANG_CXX_LANGUAGE_STANDARD = "gnu++0x";
				CLANG_CXX_LIBRARY = "libc++";
				CLANG_ENABLE_MODULES = YES;
				CLANG_ENABLE_OBJC_ARC = YES;
				CLANG_WARN_BOOL_CONVERSION = YES;
				CLANG_WARN_CONSTANT_CONVERSION = YES;
				CLANG_WARN_DIRECT_OBJC_ISA_USAGE = YES_ERROR;
				CLANG_WARN_DOCUMENTATION_COMMENTS = YES;
				CLANG_WARN_EMPTY_BODY = YES;
				CLANG_WARN_ENUM_CONVERSION = YES;
				CLANG_WARN_INFINITE_RECURSION = YES;
				CLANG_WARN_INT_CONVERSION = YES;
				CLANG_WARN_OBJC_ROOT_CLASS = YES_ERROR;
				CLANG_WARN_SUSPICIOUS_MOVE = YES;
				CLANG_WARN_SUSPICIOUS_MOVES = YES;
				CLANG_WARN_UNREACHABLE_CODE = YES;
				CLANG_WARN__DUPLICATE_METHOD_MATCH = YES;
				"CODE_SIGN_IDENTITY[sdk=iphoneos*]" = "iPhone Developer";
				COPY_PHASE_STRIP = NO;
				DEBUG_INFORMATION_FORMAT = "dwarf-with-dsym";
				ENABLE_NS_ASSERTIONS = NO;
				ENABLE_STRICT_OBJC_MSGSEND = YES;
				GCC_C_LANGUAGE_STANDARD = gnu99;
				GCC_NO_COMMON_BLOCKS = YES;
				GCC_WARN_64_TO_32_BIT_CONVERSION = YES;
				GCC_WARN_ABOUT_RETURN_TYPE = YES_ERROR;
				GCC_WARN_UNDECLARED_SELECTOR = YES;
				GCC_WARN_UNINITIALIZED_AUTOS = YES_AGGRESSIVE;
				GCC_WARN_UNUSED_FUNCTION = YES;
				GCC_WARN_UNUSED_VARIABLE = YES;
				IPHONEOS_DEPLOYMENT_TARGET = 10.1;
				MTL_ENABLE_DEBUG_INFO = NO;
				SDKROOT = iphoneos;
				SWIFT_OPTIMIZATION_LEVEL = "-Owholemodule";
				VALIDATE_PRODUCT = YES;
			};
			name = Release;
		};
		1A1665CC1E11148D0087B8CB /* Debug */ = {
			isa = XCBuildConfiguration;
			buildSettings = {
				ASSETCATALOG_COMPILER_APPICON_NAME = AppIcon;
				DEVELOPMENT_TEAM = XJTJGEN6DH;
				INFOPLIST_FILE = JackTheGiant/Info.plist;
				LD_RUNPATH_SEARCH_PATHS = "$(inherited) @executable_path/Frameworks";
				PRODUCT_BUNDLE_IDENTIFIER = com.birchall.udemy.JackTheGiant;
				PRODUCT_NAME = "$(TARGET_NAME)";
				SWIFT_VERSION = 3.0;
			};
			name = Debug;
		};
		1A1665CD1E11148D0087B8CB /* Release */ = {
			isa = XCBuildConfiguration;
			buildSettings = {
				ASSETCATALOG_COMPILER_APPICON_NAME = AppIcon;
				DEVELOPMENT_TEAM = XJTJGEN6DH;
				INFOPLIST_FILE = JackTheGiant/Info.plist;
				LD_RUNPATH_SEARCH_PATHS = "$(inherited) @executable_path/Frameworks";
				PRODUCT_BUNDLE_IDENTIFIER = com.birchall.udemy.JackTheGiant;
				PRODUCT_NAME = "$(TARGET_NAME)";
				SWIFT_VERSION = 3.0;
			};
			name = Release;
		};
/* End XCBuildConfiguration section */

/* Begin XCConfigurationList section */
		1A1665AE1E11148D0087B8CB /* Build configuration list for PBXProject "JackTheGiant" */ = {
			isa = XCConfigurationList;
			buildConfigurations = (
				1A1665C91E11148D0087B8CB /* Debug */,
				1A1665CA1E11148D0087B8CB /* Release */,
			);
			defaultConfigurationIsVisible = 0;
			defaultConfigurationName = Release;
		};
		1A1665CB1E11148D0087B8CB /* Build configuration list for PBXNativeTarget "JackTheGiant" */ = {
			isa = XCConfigurationList;
			buildConfigurations = (
				1A1665CC1E11148D0087B8CB /* Debug */,
				1A1665CD1E11148D0087B8CB /* Release */,
			);
			defaultConfigurationIsVisible = 0;
			defaultConfigurationName = Release;
		};
/* End XCConfigurationList section */
	};
	rootObject = 1A1665AB1E11148D0087B8CB /* Project object */;
}
